// !$*UTF8*$!
{
	archiveVersion = 1;
	classes = {
	};
	objectVersion = 55;
	objects = {

/* Begin PBXBuildFile section */
		957FFC8927138567001D981F /* LearningApp.swift in Sources */ = {isa = PBXBuildFile; fileRef = 957FFC8827138567001D981F /* LearningApp.swift */; };
		957FFC8B27138567001D981F /* HomeView.swift in Sources */ = {isa = PBXBuildFile; fileRef = 957FFC8A27138567001D981F /* HomeView.swift */; };
		957FFC8D27138569001D981F /* Assets.xcassets in Resources */ = {isa = PBXBuildFile; fileRef = 957FFC8C27138569001D981F /* Assets.xcassets */; };
		957FFC9027138569001D981F /* Preview Assets.xcassets in Resources */ = {isa = PBXBuildFile; fileRef = 957FFC8F27138569001D981F /* Preview Assets.xcassets */; };
		95A0946A271CBA110056F8E2 /* HomeViewRow.swift in Sources */ = {isa = PBXBuildFile; fileRef = 95A09469271CBA110056F8E2 /* HomeViewRow.swift */; };
		95A09479271DF46B0056F8E2 /* ContentView.swift in Sources */ = {isa = PBXBuildFile; fileRef = 95A09478271DF46B0056F8E2 /* ContentView.swift */; };
		95A0947B271E103E0056F8E2 /* TestView.swift in Sources */ = {isa = PBXBuildFile; fileRef = 95A0947A271E103E0056F8E2 /* TestView.swift */; };
		95ADF1EE2713881900F4E1BF /* ContentModel.swift in Sources */ = {isa = PBXBuildFile; fileRef = 95ADF1ED2713881900F4E1BF /* ContentModel.swift */; };
		95ADF2372716702F00F4E1BF /* data.json in Resources */ = {isa = PBXBuildFile; fileRef = 95ADF2352716702F00F4E1BF /* data.json */; };
		95ADF2382716702F00F4E1BF /* style.html in Resources */ = {isa = PBXBuildFile; fileRef = 95ADF2362716702F00F4E1BF /* style.html */; };
		95ADF23A271674E200F4E1BF /* Models.swift in Sources */ = {isa = PBXBuildFile; fileRef = 95ADF239271674E200F4E1BF /* Models.swift */; };
		95CCD79E271E3BF6004ED55D /* ContentViewRow.swift in Sources */ = {isa = PBXBuildFile; fileRef = 95CCD79D271E3BF6004ED55D /* ContentViewRow.swift */; };
		95CCD7A0271F9CD6004ED55D /* ContentDetailView.swift in Sources */ = {isa = PBXBuildFile; fileRef = 95CCD79F271F9CD6004ED55D /* ContentDetailView.swift */; };
/* End PBXBuildFile section */

/* Begin PBXFileReference section */
		957FFC8527138567001D981F /* LearningApp.app */ = {isa = PBXFileReference; explicitFileType = wrapper.application; includeInIndex = 0; path = LearningApp.app; sourceTree = BUILT_PRODUCTS_DIR; };
		957FFC8827138567001D981F /* LearningApp.swift */ = {isa = PBXFileReference; lastKnownFileType = sourcecode.swift; path = LearningApp.swift; sourceTree = "<group>"; };
		957FFC8A27138567001D981F /* HomeView.swift */ = {isa = PBXFileReference; lastKnownFileType = sourcecode.swift; path = HomeView.swift; sourceTree = "<group>"; };
		957FFC8C27138569001D981F /* Assets.xcassets */ = {isa = PBXFileReference; lastKnownFileType = folder.assetcatalog; path = Assets.xcassets; sourceTree = "<group>"; };
		957FFC8F27138569001D981F /* Preview Assets.xcassets */ = {isa = PBXFileReference; lastKnownFileType = folder.assetcatalog; path = "Preview Assets.xcassets"; sourceTree = "<group>"; };
		95A09469271CBA110056F8E2 /* HomeViewRow.swift */ = {isa = PBXFileReference; lastKnownFileType = sourcecode.swift; path = HomeViewRow.swift; sourceTree = "<group>"; };
		95A09478271DF46B0056F8E2 /* ContentView.swift */ = {isa = PBXFileReference; lastKnownFileType = sourcecode.swift; path = ContentView.swift; sourceTree = "<group>"; };
		95A0947A271E103E0056F8E2 /* TestView.swift */ = {isa = PBXFileReference; lastKnownFileType = sourcecode.swift; path = TestView.swift; sourceTree = "<group>"; };
		95ADF1ED2713881900F4E1BF /* ContentModel.swift */ = {isa = PBXFileReference; lastKnownFileType = sourcecode.swift; path = ContentModel.swift; sourceTree = "<group>"; };
		95ADF2352716702F00F4E1BF /* data.json */ = {isa = PBXFileReference; fileEncoding = 4; lastKnownFileType = text.json; path = data.json; sourceTree = "<group>"; };
		95ADF2362716702F00F4E1BF /* style.html */ = {isa = PBXFileReference; fileEncoding = 4; lastKnownFileType = text.html; path = style.html; sourceTree = "<group>"; };
		95ADF239271674E200F4E1BF /* Models.swift */ = {isa = PBXFileReference; lastKnownFileType = sourcecode.swift; path = Models.swift; sourceTree = "<group>"; };
		95CCD79D271E3BF6004ED55D /* ContentViewRow.swift */ = {isa = PBXFileReference; lastKnownFileType = sourcecode.swift; path = ContentViewRow.swift; sourceTree = "<group>"; };
		95CCD79F271F9CD6004ED55D /* ContentDetailView.swift */ = {isa = PBXFileReference; lastKnownFileType = sourcecode.swift; path = ContentDetailView.swift; sourceTree = "<group>"; };
/* End PBXFileReference section */

/* Begin PBXFrameworksBuildPhase section */
		957FFC8227138567001D981F /* Frameworks */ = {
			isa = PBXFrameworksBuildPhase;
			buildActionMask = 2147483647;
			files = (
			);
			runOnlyForDeploymentPostprocessing = 0;
		};
/* End PBXFrameworksBuildPhase section */

/* Begin PBXGroup section */
		957FFC7C27138567001D981F = {
			isa = PBXGroup;
			children = (
				957FFC8727138567001D981F /* LearningApp */,
				957FFC8627138567001D981F /* Products */,
			);
			sourceTree = "<group>";
		};
		957FFC8627138567001D981F /* Products */ = {
			isa = PBXGroup;
			children = (
				957FFC8527138567001D981F /* LearningApp.app */,
			);
			name = Products;
			sourceTree = "<group>";
		};
		957FFC8727138567001D981F /* LearningApp */ = {
			isa = PBXGroup;
			children = (
				957FFC8827138567001D981F /* LearningApp.swift */,
				957FFC9827138593001D981F /* Views */,
				957FFC972713858A001D981F /* ViewModels */,
				957FFC9627138582001D981F /* Models */,
				957FFC9927138711001D981F /* Resources */,
				957FFC9A2713871F001D981F /* Utilities */,
				957FFC8C27138569001D981F /* Assets.xcassets */,
				957FFC8E27138569001D981F /* Preview Content */,
			);
			path = LearningApp;
			sourceTree = "<group>";
		};
		957FFC8E27138569001D981F /* Preview Content */ = {
			isa = PBXGroup;
			children = (
				957FFC8F27138569001D981F /* Preview Assets.xcassets */,
			);
			path = "Preview Content";
			sourceTree = "<group>";
		};
		957FFC9627138582001D981F /* Models */ = {
			isa = PBXGroup;
			children = (
				95ADF239271674E200F4E1BF /* Models.swift */,
			);
			path = Models;
			sourceTree = "<group>";
		};
		957FFC972713858A001D981F /* ViewModels */ = {
			isa = PBXGroup;
			children = (
				95ADF1ED2713881900F4E1BF /* ContentModel.swift */,
			);
			path = ViewModels;
			sourceTree = "<group>";
		};
		957FFC9827138593001D981F /* Views */ = {
			isa = PBXGroup;
			children = (
				957FFC8A27138567001D981F /* HomeView.swift */,
				95A09469271CBA110056F8E2 /* HomeViewRow.swift */,
				95A09478271DF46B0056F8E2 /* ContentView.swift */,
				95CCD79D271E3BF6004ED55D /* ContentViewRow.swift */,
				95CCD79F271F9CD6004ED55D /* ContentDetailView.swift */,
				95A0947A271E103E0056F8E2 /* TestView.swift */,
			);
			path = Views;
			sourceTree = "<group>";
		};
		957FFC9927138711001D981F /* Resources */ = {
			isa = PBXGroup;
			children = (
				95ADF2352716702F00F4E1BF /* data.json */,
				95ADF2362716702F00F4E1BF /* style.html */,
			);
			path = Resources;
			sourceTree = "<group>";
		};
		957FFC9A2713871F001D981F /* Utilities */ = {
			isa = PBXGroup;
			children = (
			);
			path = Utilities;
			sourceTree = "<group>";
		};
/* End PBXGroup section */

/* Begin PBXNativeTarget section */
		957FFC8427138567001D981F /* LearningApp */ = {
			isa = PBXNativeTarget;
			buildConfigurationList = 957FFC9327138569001D981F /* Build configuration list for PBXNativeTarget "LearningApp" */;
			buildPhases = (
				957FFC8127138567001D981F /* Sources */,
				957FFC8227138567001D981F /* Frameworks */,
				957FFC8327138567001D981F /* Resources */,
			);
			buildRules = (
			);
			dependencies = (
			);
			name = LearningApp;
			productName = LearningApp;
			productReference = 957FFC8527138567001D981F /* LearningApp.app */;
			productType = "com.apple.product-type.application";
		};
/* End PBXNativeTarget section */

/* Begin PBXProject section */
		957FFC7D27138567001D981F /* Project object */ = {
			isa = PBXProject;
			attributes = {
				BuildIndependentTargetsInParallel = 1;
				LastSwiftUpdateCheck = 1300;
				LastUpgradeCheck = 1300;
				TargetAttributes = {
					957FFC8427138567001D981F = {
						CreatedOnToolsVersion = 13.0;
					};
				};
			};
			buildConfigurationList = 957FFC8027138567001D981F /* Build configuration list for PBXProject "LearningApp" */;
			compatibilityVersion = "Xcode 13.0";
			developmentRegion = en;
			hasScannedForEncodings = 0;
			knownRegions = (
				en,
				Base,
			);
			mainGroup = 957FFC7C27138567001D981F;
			productRefGroup = 957FFC8627138567001D981F /* Products */;
			projectDirPath = "";
			projectRoot = "";
			targets = (
				957FFC8427138567001D981F /* LearningApp */,
			);
		};
/* End PBXProject section */

/* Begin PBXResourcesBuildPhase section */
		957FFC8327138567001D981F /* Resources */ = {
			isa = PBXResourcesBuildPhase;
			buildActionMask = 2147483647;
			files = (
				957FFC9027138569001D981F /* Preview Assets.xcassets in Resources */,
				95ADF2372716702F00F4E1BF /* data.json in Resources */,
				95ADF2382716702F00F4E1BF /* style.html in Resources */,
				957FFC8D27138569001D981F /* Assets.xcassets in Resources */,
			);
			runOnlyForDeploymentPostprocessing = 0;
		};
/* End PBXResourcesBuildPhase section */

/* Begin PBXSourcesBuildPhase section */
		957FFC8127138567001D981F /* Sources */ = {
			isa = PBXSourcesBuildPhase;
			buildActionMask = 2147483647;
			files = (
				957FFC8B27138567001D981F /* HomeView.swift in Sources */,
				95A0946A271CBA110056F8E2 /* HomeViewRow.swift in Sources */,
				95A0947B271E103E0056F8E2 /* TestView.swift in Sources */,
				95A09479271DF46B0056F8E2 /* ContentView.swift in Sources */,
				95CCD7A0271F9CD6004ED55D /* ContentDetailView.swift in Sources */,
				957FFC8927138567001D981F /* LearningApp.swift in Sources */,
				95CCD79E271E3BF6004ED55D /* ContentViewRow.swift in Sources */,
				95ADF1EE2713881900F4E1BF /* ContentModel.swift in Sources */,
				95ADF23A271674E200F4E1BF /* Models.swift in Sources */,
			);
			runOnlyForDeploymentPostprocessing = 0;
		};
/* End PBXSourcesBuildPhase section */

/* Begin XCBuildConfiguration section */
		957FFC9127138569001D981F /* Debug */ = {
			isa = XCBuildConfiguration;
			buildSettings = {
				ALWAYS_SEARCH_USER_PATHS = NO;
				CLANG_ANALYZER_NONNULL = YES;
				CLANG_ANALYZER_NUMBER_OBJECT_CONVERSION = YES_AGGRESSIVE;
				CLANG_CXX_LANGUAGE_STANDARD = "gnu++17";
				CLANG_CXX_LIBRARY = "libc++";
				CLANG_ENABLE_MODULES = YES;
				CLANG_ENABLE_OBJC_ARC = YES;
				CLANG_ENABLE_OBJC_WEAK = YES;
				CLANG_WARN_BLOCK_CAPTURE_AUTORELEASING = YES;
				CLANG_WARN_BOOL_CONVERSION = YES;
				CLANG_WARN_COMMA = YES;
				CLANG_WARN_CONSTANT_CONVERSION = YES;
				CLANG_WARN_DEPRECATED_OBJC_IMPLEMENTATIONS = YES;
				CLANG_WARN_DIRECT_OBJC_ISA_USAGE = YES_ERROR;
				CLANG_WARN_DOCUMENTATION_COMMENTS = YES;
				CLANG_WARN_EMPTY_BODY = YES;
				CLANG_WARN_ENUM_CONVERSION = YES;
				CLANG_WARN_INFINITE_RECURSION = YES;
				CLANG_WARN_INT_CONVERSION = YES;
				CLANG_WARN_NON_LITERAL_NULL_CONVERSION = YES;
				CLANG_WARN_OBJC_IMPLICIT_RETAIN_SELF = YES;
				CLANG_WARN_OBJC_LITERAL_CONVERSION = YES;
				CLANG_WARN_OBJC_ROOT_CLASS = YES_ERROR;
				CLANG_WARN_QUOTED_INCLUDE_IN_FRAMEWORK_HEADER = YES;
				CLANG_WARN_RANGE_LOOP_ANALYSIS = YES;
				CLANG_WARN_STRICT_PROTOTYPES = YES;
				CLANG_WARN_SUSPICIOUS_MOVE = YES;
				CLANG_WARN_UNGUARDED_AVAILABILITY = YES_AGGRESSIVE;
				CLANG_WARN_UNREACHABLE_CODE = YES;
				CLANG_WARN__DUPLICATE_METHOD_MATCH = YES;
				COPY_PHASE_STRIP = NO;
				DEBUG_INFORMATION_FORMAT = dwarf;
				ENABLE_STRICT_OBJC_MSGSEND = YES;
				ENABLE_TESTABILITY = YES;
				GCC_C_LANGUAGE_STANDARD = gnu11;
				GCC_DYNAMIC_NO_PIC = NO;
				GCC_NO_COMMON_BLOCKS = YES;
				GCC_OPTIMIZATION_LEVEL = 0;
				GCC_PREPROCESSOR_DEFINITIONS = (
					"DEBUG=1",
					"$(inherited)",
				);
				GCC_WARN_64_TO_32_BIT_CONVERSION = YES;
				GCC_WARN_ABOUT_RETURN_TYPE = YES_ERROR;
				GCC_WARN_UNDECLARED_SELECTOR = YES;
				GCC_WARN_UNINITIALIZED_AUTOS = YES_AGGRESSIVE;
				GCC_WARN_UNUSED_FUNCTION = YES;
				GCC_WARN_UNUSED_VARIABLE = YES;
				IPHONEOS_DEPLOYMENT_TARGET = 15.0;
				MTL_ENABLE_DEBUG_INFO = INCLUDE_SOURCE;
				MTL_FAST_MATH = YES;
				ONLY_ACTIVE_ARCH = YES;
				SDKROOT = iphoneos;
				SWIFT_ACTIVE_COMPILATION_CONDITIONS = DEBUG;
				SWIFT_OPTIMIZATION_LEVEL = "-Onone";
			};
			name = Debug;
		};
		957FFC9227138569001D981F /* Release */ = {
			isa = XCBuildConfiguration;
			buildSettings = {
				ALWAYS_SEARCH_USER_PATHS = NO;
				CLANG_ANALYZER_NONNULL = YES;
				CLANG_ANALYZER_NUMBER_OBJECT_CONVERSION = YES_AGGRESSIVE;
				CLANG_CXX_LANGUAGE_STANDARD = "gnu++17";
				CLANG_CXX_LIBRARY = "libc++";
				CLANG_ENABLE_MODULES = YES;
				CLANG_ENABLE_OBJC_ARC = YES;
				CLANG_ENABLE_OBJC_WEAK = YES;
				CLANG_WARN_BLOCK_CAPTURE_AUTORELEASING = YES;
				CLANG_WARN_BOOL_CONVERSION = YES;
				CLANG_WARN_COMMA = YES;
				CLANG_WARN_CONSTANT_CONVERSION = YES;
				CLANG_WARN_DEPRECATED_OBJC_IMPLEMENTATIONS = YES;
				CLANG_WARN_DIRECT_OBJC_ISA_USAGE = YES_ERROR;
				CLANG_WARN_DOCUMENTATION_COMMENTS = YES;
				CLANG_WARN_EMPTY_BODY = YES;
				CLANG_WARN_ENUM_CONVERSION = YES;
				CLANG_WARN_INFINITE_RECURSION = YES;
				CLANG_WARN_INT_CONVERSION = YES;
				CLANG_WARN_NON_LITERAL_NULL_CONVERSION = YES;
				CLANG_WARN_OBJC_IMPLICIT_RETAIN_SELF = YES;
				CLANG_WARN_OBJC_LITERAL_CONVERSION = YES;
				CLANG_WARN_OBJC_ROOT_CLASS = YES_ERROR;
				CLANG_WARN_QUOTED_INCLUDE_IN_FRAMEWORK_HEADER = YES;
				CLANG_WARN_RANGE_LOOP_ANALYSIS = YES;
				CLANG_WARN_STRICT_PROTOTYPES = YES;
				CLANG_WARN_SUSPICIOUS_MOVE = YES;
				CLANG_WARN_UNGUARDED_AVAILABILITY = YES_AGGRESSIVE;
				CLANG_WARN_UNREACHABLE_CODE = YES;
				CLANG_WARN__DUPLICATE_METHOD_MATCH = YES;
				COPY_PHASE_STRIP = NO;
				DEBUG_INFORMATION_FORMAT = "dwarf-with-dsym";
				ENABLE_NS_ASSERTIONS = NO;
				ENABLE_STRICT_OBJC_MSGSEND = YES;
				GCC_C_LANGUAGE_STANDARD = gnu11;
				GCC_NO_COMMON_BLOCKS = YES;
				GCC_WARN_64_TO_32_BIT_CONVERSION = YES;
				GCC_WARN_ABOUT_RETURN_TYPE = YES_ERROR;
				GCC_WARN_UNDECLARED_SELECTOR = YES;
				GCC_WARN_UNINITIALIZED_AUTOS = YES_AGGRESSIVE;
				GCC_WARN_UNUSED_FUNCTION = YES;
				GCC_WARN_UNUSED_VARIABLE = YES;
				IPHONEOS_DEPLOYMENT_TARGET = 15.0;
				MTL_ENABLE_DEBUG_INFO = NO;
				MTL_FAST_MATH = YES;
				SDKROOT = iphoneos;
				SWIFT_COMPILATION_MODE = wholemodule;
				SWIFT_OPTIMIZATION_LEVEL = "-O";
				VALIDATE_PRODUCT = YES;
			};
			name = Release;
		};
		957FFC9427138569001D981F /* Debug */ = {
			isa = XCBuildConfiguration;
			buildSettings = {
				ASSETCATALOG_COMPILER_APPICON_NAME = AppIcon;
				ASSETCATALOG_COMPILER_GLOBAL_ACCENT_COLOR_NAME = AccentColor;
				CODE_SIGN_STYLE = Automatic;
				CURRENT_PROJECT_VERSION = 1;
				DEVELOPMENT_ASSET_PATHS = "\"LearningApp/Preview Content\"";
				DEVELOPMENT_TEAM = S22BM23G87;
				ENABLE_PREVIEWS = YES;
				GENERATE_INFOPLIST_FILE = YES;
				INFOPLIST_KEY_UIApplicationSceneManifest_Generation = YES;
				INFOPLIST_KEY_UIApplicationSupportsIndirectInputEvents = YES;
				INFOPLIST_KEY_UILaunchScreen_Generation = YES;
				INFOPLIST_KEY_UISupportedInterfaceOrientations_iPad = "UIInterfaceOrientationPortrait UIInterfaceOrientationPortraitUpsideDown UIInterfaceOrientationLandscapeLeft UIInterfaceOrientationLandscapeRight";
				INFOPLIST_KEY_UISupportedInterfaceOrientations_iPhone = "UIInterfaceOrientationPortrait UIInterfaceOrientationLandscapeLeft UIInterfaceOrientationLandscapeRight";
				IPHONEOS_DEPLOYMENT_TARGET = 14.0;
				LD_RUNPATH_SEARCH_PATHS = (
					"$(inherited)",
					"@executable_path/Frameworks",
				);
				MARKETING_VERSION = 1.0;
				PRODUCT_BUNDLE_IDENTIFIER = me.synology.dhrohsy.LearningApp;
				PRODUCT_NAME = "$(TARGET_NAME)";
				SWIFT_EMIT_LOC_STRINGS = YES;
				SWIFT_VERSION = 5.0;
				TARGETED_DEVICE_FAMILY = "1,2";
			};
			name = Debug;
		};
		957FFC9527138569001D981F /* Release */ = {
			isa = XCBuildConfiguration;
			buildSettings = {
				ASSETCATALOG_COMPILER_APPICON_NAME = AppIcon;
				ASSETCATALOG_COMPILER_GLOBAL_ACCENT_COLOR_NAME = AccentColor;
				CODE_SIGN_STYLE = Automatic;
				CURRENT_PROJECT_VERSION = 1;
				DEVELOPMENT_ASSET_PATHS = "\"LearningApp/Preview Content\"";
				DEVELOPMENT_TEAM = S22BM23G87;
				ENABLE_PREVIEWS = YES;
				GENERATE_INFOPLIST_FILE = YES;
				INFOPLIST_KEY_UIApplicationSceneManifest_Generation = YES;
				INFOPLIST_KEY_UIApplicationSupportsIndirectInputEvents = YES;
				INFOPLIST_KEY_UILaunchScreen_Generation = YES;
				INFOPLIST_KEY_UISupportedInterfaceOrientations_iPad = "UIInterfaceOrientationPortrait UIInterfaceOrientationPortraitUpsideDown UIInterfaceOrientationLandscapeLeft UIInterfaceOrientationLandscapeRight";
				INFOPLIST_KEY_UISupportedInterfaceOrientations_iPhone = "UIInterfaceOrientationPortrait UIInterfaceOrientationLandscapeLeft UIInterfaceOrientationLandscapeRight";
				IPHONEOS_DEPLOYMENT_TARGET = 14.0;
				LD_RUNPATH_SEARCH_PATHS = (
					"$(inherited)",
					"@executable_path/Frameworks",
				);
				MARKETING_VERSION = 1.0;
				PRODUCT_BUNDLE_IDENTIFIER = me.synology.dhrohsy.LearningApp;
				PRODUCT_NAME = "$(TARGET_NAME)";
				SWIFT_EMIT_LOC_STRINGS = YES;
				SWIFT_VERSION = 5.0;
				TARGETED_DEVICE_FAMILY = "1,2";
			};
			name = Release;
		};
/* End XCBuildConfiguration section */

/* Begin XCConfigurationList section */
		957FFC8027138567001D981F /* Build configuration list for PBXProject "LearningApp" */ = {
			isa = XCConfigurationList;
			buildConfigurations = (
				957FFC9127138569001D981F /* Debug */,
				957FFC9227138569001D981F /* Release */,
			);
			defaultConfigurationIsVisible = 0;
			defaultConfigurationName = Release;
		};
		957FFC9327138569001D981F /* Build configuration list for PBXNativeTarget "LearningApp" */ = {
			isa = XCConfigurationList;
			buildConfigurations = (
				957FFC9427138569001D981F /* Debug */,
				957FFC9527138569001D981F /* Release */,
			);
			defaultConfigurationIsVisible = 0;
			defaultConfigurationName = Release;
		};
/* End XCConfigurationList section */
	};
	rootObject = 957FFC7D27138567001D981F /* Project object */;
}
